<?xml version="1.0" encoding="utf-8"?>
<Project ToolsVersion="4.0" xmlns="http://schemas.microsoft.com/developer/msbuild/2003">
  <ItemGroup>
    <Filter Include="Source Files">
      <UniqueIdentifier>{4FC737F1-C7A5-4376-A066-2A32D752A2FF}</UniqueIdentifier>
      <Extensions>cpp;c;cxx;def;odl;idl;hpj;bat;asm;asmx</Extensions>
    </Filter>
    <Filter Include="Header Files">
      <UniqueIdentifier>{93995380-89BD-4b04-88EB-625FBE52EBFB}</UniqueIdentifier>
      <Extensions>h;hpp;hxx;hm;inl;inc;xsd</Extensions>
    </Filter>
    <Filter Include="Resource Files">
      <UniqueIdentifier>{67DA6AB6-F800-4c08-8B7A-83BB121AAD01}</UniqueIdentifier>
      <Extensions>rc;ico;cur;bmp;dlg;rc2;rct;bin;rgs;gif;jpg;jpeg;jpe;resx</Extensions>
    </Filter>
    <Filter Include="ObjMtl">
      <UniqueIdentifier>{976dbdfa-9a8e-426b-b62e-a4dcb5080304}</UniqueIdentifier>
    </Filter>
  </ItemGroup>
  <ItemGroup>
    <ClCompile Include="Cannon.cpp">
      <Filter>Source Files</Filter>
    </ClCompile>
    <ClCompile Include="CannonBalls.cpp">
      <Filter>Source Files</Filter>
    </ClCompile>
    <ClCompile Include="explosion.cpp">
      <Filter>Source Files</Filter>
    </ClCompile>
    <ClCompile Include="gettime.cpp">
      <Filter>Source Files</Filter>
    </ClCompile>
    <ClCompile Include="GingerMan.cpp">
      <Filter>Source Files</Filter>
    </ClCompile>
    <ClCompile Include="GingerMenInvaders.cpp">
      <Filter>Source Files</Filter>
    </ClCompile>
    <ClCompile Include="GingerMother.cpp">
      <Filter>Source Files</Filter>
    </ClCompile>
    <ClCompile Include="glbmp.cpp">
      <Filter>Source Files</Filter>
    </ClCompile>
    <ClCompile Include="network.cpp">
      <Filter>Source Files</Filter>
    </ClCompile>
    <ClCompile Include="particle.cpp">
      <Filter>Source Files</Filter>
    </ClCompile>
    <ClCompile Include="particle_engine.cpp">
      <Filter>Source Files</Filter>
    </ClCompile>
    <ClCompile Include="RigidBall.cpp">
      <Filter>Source Files</Filter>
    </ClCompile>
    <ClCompile Include="RigidBlock.cpp">
      <Filter>Source Files</Filter>
    </ClCompile>
    <ClCompile Include="RigidCylinder.cpp">
      <Filter>Source Files</Filter>
    </ClCompile>
    <ClCompile Include="SMSound.c">
      <Filter>Source Files</Filter>
    </ClCompile>
    <ClCompile Include="texture.cpp">
      <Filter>Source Files</Filter>
    </ClCompile>
    <ClCompile Include="explosionController.cpp">
      <Filter>Source Files</Filter>
    </ClCompile>
    <ClCompile Include="GingerMenTerrain.cpp">
      <Filter>Source Files</Filter>
    </ClCompile>
    <ClCompile Include="TerrainEffect.cpp">
      <Filter>Source Files</Filter>
    </ClCompile>
    <ClCompile Include="ObjMtl\MtlLoader.cpp">
      <Filter>ObjMtl</Filter>
    </ClCompile>
    <ClCompile Include="ObjMtl\MtlLoaderCodes.cpp">
      <Filter>ObjMtl</Filter>
    </ClCompile>
    <ClCompile Include="ObjMtl\ObjLoader.cpp">
      <Filter>ObjMtl</Filter>
    </ClCompile>
    <ClCompile Include="ObjMtl\ObjLoaderCodes.cpp">
      <Filter>ObjMtl</Filter>
    </ClCompile>
  </ItemGroup>
  <ItemGroup>
    <ClInclude Include="Cannon.h">
      <Filter>Header Files</Filter>
    </ClInclude>
    <ClInclude Include="CannonBalls.h">
      <Filter>Header Files</Filter>
    </ClInclude>
    <ClInclude Include="explosion.hpp">
      <Filter>Header Files</Filter>
    </ClInclude>
    <ClInclude Include="fmod.h">
      <Filter>Header Files</Filter>
    </ClInclude>
    <ClInclude Include="fmod_codec.h">
      <Filter>Header Files</Filter>
    </ClInclude>
    <ClInclude Include="fmod_dsp.h">
      <Filter>Header Files</Filter>
    </ClInclude>
    <ClInclude Include="fmod_errors.h">
      <Filter>Header Files</Filter>
    </ClInclude>
    <ClInclude Include="frameRate.hpp">
      <Filter>Header Files</Filter>
    </ClInclude>
    <ClInclude Include="GameState.h">
      <Filter>Header Files</Filter>
    </ClInclude>
    <ClInclude Include="gettime.h">
      <Filter>Header Files</Filter>
    </ClInclude>
    <ClInclude Include="GingerMan.h">
      <Filter>Header Files</Filter>
    </ClInclude>
    <ClInclude Include="GingerMenInvaders.h">
      <Filter>Header Files</Filter>
    </ClInclude>
    <ClInclude Include="GingerMother.h">
      <Filter>Header Files</Filter>
    </ClInclude>
    <ClInclude Include="glbmp.h">
      <Filter>Header Files</Filter>
    </ClInclude>
    <ClInclude Include="network.hpp">
      <Filter>Header Files</Filter>
    </ClInclude>
    <ClInclude Include="particle.hpp">
      <Filter>Header Files</Filter>
    </ClInclude>
    <ClInclude Include="particle_engine.hpp">
      <Filter>Header Files</Filter>
    </ClInclude>
    <ClInclude Include="RigidBall.h">
      <Filter>Header Files</Filter>
    </ClInclude>
    <ClInclude Include="RigidBlock.h">
      <Filter>Header Files</Filter>
    </ClInclude>
    <ClInclude Include="RigidCylinder.h">
      <Filter>Header Files</Filter>
    </ClInclude>
    <ClInclude Include="SMSound.h">
      <Filter>Header Files</Filter>
    </ClInclude>
    <ClInclude Include="texture.h">
      <Filter>Header Files</Filter>
    </ClInclude>
    <ClInclude Include="explosionController.hpp">
      <Filter>Header Files</Filter>
    </ClInclude>
    <ClInclude Include="GingerMenTerrain.h">
      <Filter>Header Files</Filter>
    </ClInclude>
    <ClInclude Include="TerrainEffect.h">
      <Filter>Header Files</Filter>
    </ClInclude>
    <ClInclude Include="ObjMtl\MtlLoader.h">
      <Filter>ObjMtl</Filter>
    </ClInclude>
    <ClInclude Include="ObjMtl\ObjLoader.h">
      <Filter>ObjMtl</Filter>
    </ClInclude>
  </ItemGroup>
  <ItemGroup>
    <None Include="ObjMtl\MtlLoader.inl">
      <Filter>ObjMtl</Filter>
    </None>
    <None Include="ObjMtl\ObjLoader.inl">
      <Filter>ObjMtl</Filter>
    </None>
  </ItemGroup>
</Project>